
Microsoft Visual Studio Solution File, Format Version 12.00
# Visual Studio 15
VisualStudioVersion = 15.0.27130.2010
MinimumVisualStudioVersion = 10.0.40219.1
Project("{FAE04EC0-301F-11D3-BF4B-00C04F79EFBC}") = "IncrementalOperationRunner", "IncrementalOperationRunner\IncrementalOperationRunner.csproj", "{0C6C393C-8D5D-4943-9068-927B47CF44C5}"
EndProject
Project("{FAE04EC0-301F-11D3-BF4B-00C04F79EFBC}") = "IncrementalOperationRunner.Test", "IncrementalOperationRunner.Test\IncrementalOperationRunner.Test.csproj", "{A23A7A70-4120-4ADF-A52F-EAD8F23BC80E}"
EndProject
Project("{2150E333-8FDC-42A3-9474-1A3956D46DE8}") = "Solution Items", "Solution Items", "{B037D9F2-6543-4AD6-831C-82577EED0F2B}"
	ProjectSection(SolutionItems) = preProject
		Readme.md = Readme.md
	EndProjectSection
EndProject
Global
	GlobalSection(SolutionConfigurationPlatforms) = preSolution
		Debug|Any CPU = Debug|Any CPU
		Release|Any CPU = Release|Any CPU
	EndGlobalSection
	GlobalSection(ProjectConfigurationPlatforms) = postSolution
		{0C6C393C-8D5D-4943-9068-927B47CF44C5}.Debug|Any CPU.ActiveCfg = Debug|Any CPU
		{0C6C393C-8D5D-4943-9068-927B47CF44C5}.Debug|Any CPU.Build.0 = Debug|Any CPU
		{0C6C393C-8D5D-4943-9068-927B47CF44C5}.Release|Any CPU.ActiveCfg = Release|Any CPU
		{0C6C393C-8D5D-4943-9068-927B47CF44C5}.Release|Any CPU.Build.0 = Release|Any CPU
		{A23A7A70-4120-4ADF-A52F-EAD8F23BC80E}.Debug|Any CPU.ActiveCfg = Debug|Any CPU
		{A23A7A70-4120-4ADF-A52F-EAD8F23BC80E}.Debug|Any CPU.Build.0 = Debug|Any CPU
		{A23A7A70-4120-4ADF-A52F-EAD8F23BC80E}.Release|Any CPU.ActiveCfg = Release|Any CPU
		{A23A7A70-4120-4ADF-A52F-EAD8F23BC80E}.Release|Any CPU.Build.0 = Release|Any CPU
	EndGlobalSection
	GlobalSection(SolutionProperties) = preSolution
		HideSolutionNode = FALSE
	EndGlobalSection
	GlobalSection(ExtensibilityGlobals) = postSolution
		SolutionGuid = {04E050BE-CFB8-44FF-AEDF-9C9DB5DA65D1}
	EndGlobalSection
EndGlobal
